
Microsoft Visual Studio Solution File, Format Version 12.00
# Visual Studio 2012
Project("{FAE04EC0-301F-11D3-BF4B-00C04F79EFBC}") = "CommandProcessing", "CommandProcessing\CommandProcessing.csproj", "{289D3B8B-D8A2-44AF-931C-9B3DF7E319B6}"
EndProject
Project("{FAE04EC0-301F-11D3-BF4B-00C04F79EFBC}") = "CommandProcessing.Tests", "CommandProcessing.Tests\CommandProcessing.Tests.csproj", "{302CA73F-4D47-4DEC-BE2C-803B210A8B46}"
EndProject
Project("{2150E333-8FDC-42A3-9474-1A3956D46DE8}") = "Solution Items", "Solution Items", "{FEE80DA0-B76B-4976-A5B6-D9C01CCA9AA3}"
	ProjectSection(SolutionItems) = preProject
		Command processing.vsmdi = Command processing.vsmdi
		CommandProcessing.nupkg = CommandProcessing.nupkg
		CommandProcessing.Unity.nupkg = CommandProcessing.Unity.nupkg
		Local.testsettings = Local.testsettings
		Settings.StyleCop = Settings.StyleCop
		TraceAndTestImpact.testsettings = TraceAndTestImpact.testsettings
	EndProjectSection
EndProject
Project("{2150E333-8FDC-42A3-9474-1A3956D46DE8}") = ".nuget", ".nuget", "{5A6855EC-C07D-41B1-ACAF-A62CB4EDEC2F}"
	ProjectSection(SolutionItems) = preProject
		.nuget\NuGet.Config = .nuget\NuGet.Config
		.nuget\NuGet.exe = .nuget\NuGet.exe
		.nuget\NuGet.targets = .nuget\NuGet.targets
	EndProjectSection
EndProject
Project("{FAE04EC0-301F-11D3-BF4B-00C04F79EFBC}") = "CommandProcessing.Unity", "CommandProcessing.Unity\CommandProcessing.Unity.csproj", "{82D3A967-2E21-421C-A340-1A8A1CD683C9}"
EndProject
Project("{FAE04EC0-301F-11D3-BF4B-00C04F79EFBC}") = "CommandProcessing.Unity.Tests", "CommandProcessing.Unity.Tests\CommandProcessing.Unity.Tests.csproj", "{09400EB8-573D-46A5-94E1-1E2F8CC52B0C}"
EndProject
Project("{FAE04EC0-301F-11D3-BF4B-00C04F79EFBC}") = "CommandProcessing.MiniProfiler", "CommandProcessing.MiniProfiler\CommandProcessing.MiniProfiler.csproj", "{AE6E76B2-4DFD-467B-B296-B388270ECB25}"
EndProject
Project("{FAE04EC0-301F-11D3-BF4B-00C04F79EFBC}") = "CommandProcessing.Tasks", "CommandProcessing.Tasks\CommandProcessing.Tasks.csproj", "{7056FDCF-DAF0-43F2-85CC-50E30E6B3ACE}"
EndProject
Project("{FAE04EC0-301F-11D3-BF4B-00C04F79EFBC}") = "CommandProcessing.Console", "CommandProcessing.Console\CommandProcessing.Console.csproj", "{09BA76EA-F5DE-4D74-ADCF-231B25DB7EC3}"
EndProject
Global
	GlobalSection(TeamFoundationVersionControl) = preSolution
		SccNumberOfProjects = 8
		SccEnterpriseProvider = {4CA58AB2-18FA-4F8D-95D4-32DDF27D184C}
		SccTeamFoundationServer = https://yanncrumeyrolle.visualstudio.com/defaultcollection
		SccLocalPath0 = .
		SccProjectUniqueName1 = CommandProcessing\\CommandProcessing.csproj
		SccProjectName1 = CommandProcessing
		SccLocalPath1 = CommandProcessing
		SccProjectUniqueName2 = CommandProcessing.Tests\\CommandProcessing.Tests.csproj
		SccProjectName2 = CommandProcessing.Tests
		SccLocalPath2 = CommandProcessing.Tests
		SccProjectUniqueName3 = CommandProcessing.Unity\\CommandProcessing.Unity.csproj
		SccProjectName3 = CommandProcessing.Unity
		SccLocalPath3 = CommandProcessing.Unity
		SccProjectUniqueName4 = CommandProcessing.Unity.Tests\\CommandProcessing.Unity.Tests.csproj
		SccProjectName4 = CommandProcessing.Unity.Tests
		SccLocalPath4 = CommandProcessing.Unity.Tests
		SccProjectUniqueName5 = CommandProcessing.MiniProfiler\\CommandProcessing.MiniProfiler.csproj
		SccProjectName5 = CommandProcessing.MiniProfiler
		SccLocalPath5 = CommandProcessing.MiniProfiler
		SccProjectUniqueName6 = CommandProcessing.Tasks\\CommandProcessing.Tasks.csproj
		SccProjectName6 = CommandProcessing.Tasks
		SccLocalPath6 = CommandProcessing.Tasks
		SccProjectUniqueName7 = CommandProcessing.Console\\CommandProcessing.Console.csproj
		SccProjectName7 = CommandProcessing.Console
		SccLocalPath7 = CommandProcessing.Console
	EndGlobalSection
	GlobalSection(TestCaseManagementSettings) = postSolution
		CategoryFile = Command processing.vsmdi
	EndGlobalSection
	GlobalSection(SolutionConfigurationPlatforms) = preSolution
		Debug|Any CPU = Debug|Any CPU
		Debug|Mixed Platforms = Debug|Mixed Platforms
		Debug|x86 = Debug|x86
		Release|Any CPU = Release|Any CPU
		Release|Mixed Platforms = Release|Mixed Platforms
		Release|x86 = Release|x86
	EndGlobalSection
	GlobalSection(ProjectConfigurationPlatforms) = postSolution
		{289D3B8B-D8A2-44AF-931C-9B3DF7E319B6}.Debug|Any CPU.ActiveCfg = Debug|Any CPU
		{289D3B8B-D8A2-44AF-931C-9B3DF7E319B6}.Debug|Any CPU.Build.0 = Debug|Any CPU
		{289D3B8B-D8A2-44AF-931C-9B3DF7E319B6}.Debug|Mixed Platforms.ActiveCfg = Debug|Any CPU
		{289D3B8B-D8A2-44AF-931C-9B3DF7E319B6}.Debug|Mixed Platforms.Build.0 = Debug|Any CPU
		{289D3B8B-D8A2-44AF-931C-9B3DF7E319B6}.Debug|x86.ActiveCfg = Debug|Any CPU
		{289D3B8B-D8A2-44AF-931C-9B3DF7E319B6}.Release|Any CPU.ActiveCfg = Release|Any CPU
		{289D3B8B-D8A2-44AF-931C-9B3DF7E319B6}.Release|Any CPU.Build.0 = Release|Any CPU
		{289D3B8B-D8A2-44AF-931C-9B3DF7E319B6}.Release|Mixed Platforms.ActiveCfg = Release|Any CPU
		{289D3B8B-D8A2-44AF-931C-9B3DF7E319B6}.Release|Mixed Platforms.Build.0 = Release|Any CPU
		{289D3B8B-D8A2-44AF-931C-9B3DF7E319B6}.Release|x86.ActiveCfg = Release|Any CPU
		{302CA73F-4D47-4DEC-BE2C-803B210A8B46}.Debug|Any CPU.ActiveCfg = Debug|Any CPU
		{302CA73F-4D47-4DEC-BE2C-803B210A8B46}.Debug|Any CPU.Build.0 = Debug|Any CPU
		{302CA73F-4D47-4DEC-BE2C-803B210A8B46}.Debug|Mixed Platforms.ActiveCfg = Debug|Any CPU
		{302CA73F-4D47-4DEC-BE2C-803B210A8B46}.Debug|Mixed Platforms.Build.0 = Debug|Any CPU
		{302CA73F-4D47-4DEC-BE2C-803B210A8B46}.Debug|x86.ActiveCfg = Debug|Any CPU
		{302CA73F-4D47-4DEC-BE2C-803B210A8B46}.Release|Any CPU.ActiveCfg = Release|Any CPU
		{302CA73F-4D47-4DEC-BE2C-803B210A8B46}.Release|Any CPU.Build.0 = Release|Any CPU
		{302CA73F-4D47-4DEC-BE2C-803B210A8B46}.Release|Mixed Platforms.ActiveCfg = Release|Any CPU
		{302CA73F-4D47-4DEC-BE2C-803B210A8B46}.Release|Mixed Platforms.Build.0 = Release|Any CPU
		{302CA73F-4D47-4DEC-BE2C-803B210A8B46}.Release|x86.ActiveCfg = Release|Any CPU
		{82D3A967-2E21-421C-A340-1A8A1CD683C9}.Debug|Any CPU.ActiveCfg = Debug|Any CPU
		{82D3A967-2E21-421C-A340-1A8A1CD683C9}.Debug|Any CPU.Build.0 = Debug|Any CPU
		{82D3A967-2E21-421C-A340-1A8A1CD683C9}.Debug|Mixed Platforms.ActiveCfg = Debug|Any CPU
		{82D3A967-2E21-421C-A340-1A8A1CD683C9}.Debug|Mixed Platforms.Build.0 = Debug|Any CPU
		{82D3A967-2E21-421C-A340-1A8A1CD683C9}.Debug|x86.ActiveCfg = Debug|Any CPU
		{82D3A967-2E21-421C-A340-1A8A1CD683C9}.Release|Any CPU.ActiveCfg = Release|Any CPU
		{82D3A967-2E21-421C-A340-1A8A1CD683C9}.Release|Any CPU.Build.0 = Release|Any CPU
		{82D3A967-2E21-421C-A340-1A8A1CD683C9}.Release|Mixed Platforms.ActiveCfg = Release|Any CPU
		{82D3A967-2E21-421C-A340-1A8A1CD683C9}.Release|Mixed Platforms.Build.0 = Release|Any CPU
		{82D3A967-2E21-421C-A340-1A8A1CD683C9}.Release|x86.ActiveCfg = Release|Any CPU
		{09400EB8-573D-46A5-94E1-1E2F8CC52B0C}.Debug|Any CPU.ActiveCfg = Debug|Any CPU
		{09400EB8-573D-46A5-94E1-1E2F8CC52B0C}.Debug|Any CPU.Build.0 = Debug|Any CPU
		{09400EB8-573D-46A5-94E1-1E2F8CC52B0C}.Debug|Mixed Platforms.ActiveCfg = Debug|Any CPU
		{09400EB8-573D-46A5-94E1-1E2F8CC52B0C}.Debug|Mixed Platforms.Build.0 = Debug|Any CPU
		{09400EB8-573D-46A5-94E1-1E2F8CC52B0C}.Debug|x86.ActiveCfg = Debug|Any CPU
		{09400EB8-573D-46A5-94E1-1E2F8CC52B0C}.Release|Any CPU.ActiveCfg = Release|Any CPU
		{09400EB8-573D-46A5-94E1-1E2F8CC52B0C}.Release|Any CPU.Build.0 = Release|Any CPU
		{09400EB8-573D-46A5-94E1-1E2F8CC52B0C}.Release|Mixed Platforms.ActiveCfg = Release|Any CPU
		{09400EB8-573D-46A5-94E1-1E2F8CC52B0C}.Release|Mixed Platforms.Build.0 = Release|Any CPU
		{09400EB8-573D-46A5-94E1-1E2F8CC52B0C}.Release|x86.ActiveCfg = Release|Any CPU
		{AE6E76B2-4DFD-467B-B296-B388270ECB25}.Debug|Any CPU.ActiveCfg = Debug|Any CPU
		{AE6E76B2-4DFD-467B-B296-B388270ECB25}.Debug|Any CPU.Build.0 = Debug|Any CPU
		{AE6E76B2-4DFD-467B-B296-B388270ECB25}.Debug|Mixed Platforms.ActiveCfg = Debug|Any CPU
		{AE6E76B2-4DFD-467B-B296-B388270ECB25}.Debug|Mixed Platforms.Build.0 = Debug|Any CPU
		{AE6E76B2-4DFD-467B-B296-B388270ECB25}.Debug|x86.ActiveCfg = Debug|Any CPU
		{AE6E76B2-4DFD-467B-B296-B388270ECB25}.Release|Any CPU.ActiveCfg = Release|Any CPU
		{AE6E76B2-4DFD-467B-B296-B388270ECB25}.Release|Any CPU.Build.0 = Release|Any CPU
		{AE6E76B2-4DFD-467B-B296-B388270ECB25}.Release|Mixed Platforms.ActiveCfg = Release|Any CPU
		{AE6E76B2-4DFD-467B-B296-B388270ECB25}.Release|Mixed Platforms.Build.0 = Release|Any CPU
		{AE6E76B2-4DFD-467B-B296-B388270ECB25}.Release|x86.ActiveCfg = Release|Any CPU
		{7056FDCF-DAF0-43F2-85CC-50E30E6B3ACE}.Debug|Any CPU.ActiveCfg = Debug|Any CPU
		{7056FDCF-DAF0-43F2-85CC-50E30E6B3ACE}.Debug|Any CPU.Build.0 = Debug|Any CPU
		{7056FDCF-DAF0-43F2-85CC-50E30E6B3ACE}.Debug|Mixed Platforms.ActiveCfg = Debug|Any CPU
		{7056FDCF-DAF0-43F2-85CC-50E30E6B3ACE}.Debug|Mixed Platforms.Build.0 = Debug|Any CPU
		{7056FDCF-DAF0-43F2-85CC-50E30E6B3ACE}.Debug|x86.ActiveCfg = Debug|Any CPU
		{7056FDCF-DAF0-43F2-85CC-50E30E6B3ACE}.Release|Any CPU.ActiveCfg = Release|Any CPU
		{7056FDCF-DAF0-43F2-85CC-50E30E6B3ACE}.Release|Any CPU.Build.0 = Release|Any CPU
		{7056FDCF-DAF0-43F2-85CC-50E30E6B3ACE}.Release|Mixed Platforms.ActiveCfg = Release|Any CPU
		{7056FDCF-DAF0-43F2-85CC-50E30E6B3ACE}.Release|Mixed Platforms.Build.0 = Release|Any CPU
		{7056FDCF-DAF0-43F2-85CC-50E30E6B3ACE}.Release|x86.ActiveCfg = Release|Any CPU
		{09BA76EA-F5DE-4D74-ADCF-231B25DB7EC3}.Debug|Any CPU.ActiveCfg = Debug|x86
		{09BA76EA-F5DE-4D74-ADCF-231B25DB7EC3}.Debug|Mixed Platforms.ActiveCfg = Debug|x86
		{09BA76EA-F5DE-4D74-ADCF-231B25DB7EC3}.Debug|Mixed Platforms.Build.0 = Debug|x86
		{09BA76EA-F5DE-4D74-ADCF-231B25DB7EC3}.Debug|x86.ActiveCfg = Debug|x86
		{09BA76EA-F5DE-4D74-ADCF-231B25DB7EC3}.Debug|x86.Build.0 = Debug|x86
		{09BA76EA-F5DE-4D74-ADCF-231B25DB7EC3}.Release|Any CPU.ActiveCfg = Release|x86
		{09BA76EA-F5DE-4D74-ADCF-231B25DB7EC3}.Release|Mixed Platforms.ActiveCfg = Release|x86
		{09BA76EA-F5DE-4D74-ADCF-231B25DB7EC3}.Release|Mixed Platforms.Build.0 = Release|x86
		{09BA76EA-F5DE-4D74-ADCF-231B25DB7EC3}.Release|x86.ActiveCfg = Release|x86
		{09BA76EA-F5DE-4D74-ADCF-231B25DB7EC3}.Release|x86.Build.0 = Release|x86
	EndGlobalSection
	GlobalSection(SolutionProperties) = preSolution
		HideSolutionNode = FALSE
	EndGlobalSection
	GlobalSection(ExtensibilityGlobals) = postSolution
		EnterpriseLibraryConfigurationToolBinariesPath = packages\Unity.2.1.505.2\lib\NET35
	EndGlobalSection
	GlobalSection(Performance) = preSolution
		HasPerformanceSessions = true
	EndGlobalSection
EndGlobal
