
Microsoft Visual Studio Solution File, Format Version 12.00
# Visual Studio 2013
VisualStudioVersion = 12.0.30501.0
MinimumVisualStudioVersion = 10.0.40219.1
Project("{FAE04EC0-301F-11D3-BF4B-00C04F79EFBC}") = "Waffle", "Waffle\Waffle.csproj", "{289D3B8B-D8A2-44AF-931C-9B3DF7E319B6}"
EndProject
Project("{FAE04EC0-301F-11D3-BF4B-00C04F79EFBC}") = "Waffle.Tests", "Waffle.Tests\Waffle.Tests.csproj", "{302CA73F-4D47-4DEC-BE2C-803B210A8B46}"
EndProject
Project("{2150E333-8FDC-42A3-9474-1A3956D46DE8}") = "Solution Items", "Solution Items", "{FEE80DA0-B76B-4976-A5B6-D9C01CCA9AA3}"
	ProjectSection(SolutionItems) = preProject
		CommonAssemblyInfo.cs = CommonAssemblyInfo.cs
		Local.testsettings = Local.testsettings
		Settings.StyleCop = Settings.StyleCop
		TraceAndTestImpact.testsettings = TraceAndTestImpact.testsettings
		Waffle.nuspec = Waffle.nuspec
		Waffle.ruleset = Waffle.ruleset
		Waffle.Tests.ruleset = Waffle.Tests.ruleset
		Waffle.Unity.nuspec = Waffle.Unity.nuspec
		Waffle.vsmdi = Waffle.vsmdi
	EndProjectSection
EndProject
Project("{2150E333-8FDC-42A3-9474-1A3956D46DE8}") = ".nuget", ".nuget", "{5A6855EC-C07D-41B1-ACAF-A62CB4EDEC2F}"
	ProjectSection(SolutionItems) = preProject
		.nuget\NuGet.Config = .nuget\NuGet.Config
		.nuget\NuGet.exe = .nuget\NuGet.exe
		.nuget\NuGet.targets = .nuget\NuGet.targets
	EndProjectSection
EndProject
Project("{FAE04EC0-301F-11D3-BF4B-00C04F79EFBC}") = "Waffle.Unity", "Waffle.Unity\Waffle.Unity.csproj", "{82D3A967-2E21-421C-A340-1A8A1CD683C9}"
EndProject
Project("{FAE04EC0-301F-11D3-BF4B-00C04F79EFBC}") = "Waffle.Unity.Tests", "Waffle.Unity.Tests\Waffle.Unity.Tests.csproj", "{09400EB8-573D-46A5-94E1-1E2F8CC52B0C}"
EndProject
Project("{FAE04EC0-301F-11D3-BF4B-00C04F79EFBC}") = "Waffle.MiniProfiler", "Waffle.MiniProfiler\Waffle.MiniProfiler.csproj", "{AE6E76B2-4DFD-467B-B296-B388270ECB25}"
EndProject
Project("{FAE04EC0-301F-11D3-BF4B-00C04F79EFBC}") = "Waffle.Tests.Console", "Waffle.Tests.Console\Waffle.Tests.Console.csproj", "{09BA76EA-F5DE-4D74-ADCF-231B25DB7EC3}"
EndProject
Project("{FAE04EC0-301F-11D3-BF4B-00C04F79EFBC}") = "Waffle.Queries.Data", "Waffle.Queries.Data\Waffle.Queries.Data.csproj", "{FD0232B8-CBC3-4430-B047-7DB04419671C}"
EndProject
Project("{FAE04EC0-301F-11D3-BF4B-00C04F79EFBC}") = "Waffle.Queries.Data.Tests", "Waffle.Queries.Data.Tests\Waffle.Queries.Data.Tests.csproj", "{A326A020-8334-4F28-A42E-738081314F2C}"
EndProject
Project("{2150E333-8FDC-42A3-9474-1A3956D46DE8}") = "Tests", "Tests", "{102D2E98-A089-4D17-93D7-328A22EDDDA2}"
EndProject
Project("{FAE04EC0-301F-11D3-BF4B-00C04F79EFBC}") = "Waffle.Events.MongoDb", "Waffle.Events.MongoDb\Waffle.Events.MongoDb.csproj", "{B0940B52-5C33-4ABC-B01C-CC25E66BF9A3}"
EndProject
Project("{FAE04EC0-301F-11D3-BF4B-00C04F79EFBC}") = "Waffle.Events.MongoDb.Tests", "Waffle.Events.MongoDb.Tests\Waffle.Events.MongoDb.Tests.csproj", "{5EA50D94-B520-41CA-AA72-7AC533DC9A6F}"
EndProject
Project("{FAE04EC0-301F-11D3-BF4B-00C04F79EFBC}") = "Waffle.Tests.Integration", "Waffle.Tests.Integration\Waffle.Tests.Integration.csproj", "{6412E848-713F-4F3B-BB83-179D7BC6818F}"
EndProject
Project("{FAE04EC0-301F-11D3-BF4B-00C04F79EFBC}") = "Waffle.Sample", "Waffle.Sample\Waffle.Sample.csproj", "{AAE77B4D-5668-42DD-8128-5C64B2F0606B}"
EndProject
Project("{FAE04EC0-301F-11D3-BF4B-00C04F79EFBC}") = "Waffle.Queuing.MongoDb", "Waffle.Queuing.MongoDb\Waffle.Queuing.MongoDb.csproj", "{1EF04A5F-468A-4F8E-A7CC-71FF887B8B8D}"
EndProject
Project("{FAE04EC0-301F-11D3-BF4B-00C04F79EFBC}") = "Waffle.Queries.MongoDb", "Waffle.Queries.MongoDb\Waffle.Queries.MongoDb.csproj", "{E9D53C66-40D0-44F3-987F-38761FD6B9B4}"
EndProject
Project("{FAE04EC0-301F-11D3-BF4B-00C04F79EFBC}") = "Waffle.Queuing.MongoDb.Tests", "Waffle.Queuing.MongoDb.Tests\Waffle.Queuing.MongoDb.Tests.csproj", "{269ADCF4-9A17-4107-83F9-51955CBD06EB}"
EndProject
Project("{FAE04EC0-301F-11D3-BF4B-00C04F79EFBC}") = "Waffle.Queuing.Redis", "Waffle.Queuing.Redis\Waffle.Queuing.Redis.csproj", "{96F223E6-F92E-4043-A17C-CDDA9749BBDE}"
EndProject
Global
	GlobalSection(SolutionConfigurationPlatforms) = preSolution
		Debug|Any CPU = Debug|Any CPU
		Debug|Mixed Platforms = Debug|Mixed Platforms
		Debug|x86 = Debug|x86
		Release|Any CPU = Release|Any CPU
		Release|Mixed Platforms = Release|Mixed Platforms
		Release|x86 = Release|x86
	EndGlobalSection
	GlobalSection(ProjectConfigurationPlatforms) = postSolution
		{289D3B8B-D8A2-44AF-931C-9B3DF7E319B6}.Debug|Any CPU.ActiveCfg = Debug|Any CPU
		{289D3B8B-D8A2-44AF-931C-9B3DF7E319B6}.Debug|Any CPU.Build.0 = Debug|Any CPU
		{289D3B8B-D8A2-44AF-931C-9B3DF7E319B6}.Debug|Mixed Platforms.ActiveCfg = Debug|Any CPU
		{289D3B8B-D8A2-44AF-931C-9B3DF7E319B6}.Debug|Mixed Platforms.Build.0 = Debug|Any CPU
		{289D3B8B-D8A2-44AF-931C-9B3DF7E319B6}.Debug|x86.ActiveCfg = Debug|Any CPU
		{289D3B8B-D8A2-44AF-931C-9B3DF7E319B6}.Release|Any CPU.ActiveCfg = Release|Any CPU
		{289D3B8B-D8A2-44AF-931C-9B3DF7E319B6}.Release|Any CPU.Build.0 = Release|Any CPU
		{289D3B8B-D8A2-44AF-931C-9B3DF7E319B6}.Release|Mixed Platforms.ActiveCfg = Release|Any CPU
		{289D3B8B-D8A2-44AF-931C-9B3DF7E319B6}.Release|Mixed Platforms.Build.0 = Release|Any CPU
		{289D3B8B-D8A2-44AF-931C-9B3DF7E319B6}.Release|x86.ActiveCfg = Release|Any CPU
		{302CA73F-4D47-4DEC-BE2C-803B210A8B46}.Debug|Any CPU.ActiveCfg = Debug|Any CPU
		{302CA73F-4D47-4DEC-BE2C-803B210A8B46}.Debug|Any CPU.Build.0 = Debug|Any CPU
		{302CA73F-4D47-4DEC-BE2C-803B210A8B46}.Debug|Mixed Platforms.ActiveCfg = Debug|Any CPU
		{302CA73F-4D47-4DEC-BE2C-803B210A8B46}.Debug|Mixed Platforms.Build.0 = Debug|Any CPU
		{302CA73F-4D47-4DEC-BE2C-803B210A8B46}.Debug|x86.ActiveCfg = Debug|Any CPU
		{302CA73F-4D47-4DEC-BE2C-803B210A8B46}.Release|Any CPU.ActiveCfg = Release|Any CPU
		{302CA73F-4D47-4DEC-BE2C-803B210A8B46}.Release|Any CPU.Build.0 = Release|Any CPU
		{302CA73F-4D47-4DEC-BE2C-803B210A8B46}.Release|Mixed Platforms.ActiveCfg = Release|Any CPU
		{302CA73F-4D47-4DEC-BE2C-803B210A8B46}.Release|Mixed Platforms.Build.0 = Release|Any CPU
		{302CA73F-4D47-4DEC-BE2C-803B210A8B46}.Release|x86.ActiveCfg = Release|Any CPU
		{82D3A967-2E21-421C-A340-1A8A1CD683C9}.Debug|Any CPU.ActiveCfg = Debug|Any CPU
		{82D3A967-2E21-421C-A340-1A8A1CD683C9}.Debug|Any CPU.Build.0 = Debug|Any CPU
		{82D3A967-2E21-421C-A340-1A8A1CD683C9}.Debug|Mixed Platforms.ActiveCfg = Debug|Any CPU
		{82D3A967-2E21-421C-A340-1A8A1CD683C9}.Debug|Mixed Platforms.Build.0 = Debug|Any CPU
		{82D3A967-2E21-421C-A340-1A8A1CD683C9}.Debug|x86.ActiveCfg = Debug|Any CPU
		{82D3A967-2E21-421C-A340-1A8A1CD683C9}.Release|Any CPU.ActiveCfg = Release|Any CPU
		{82D3A967-2E21-421C-A340-1A8A1CD683C9}.Release|Any CPU.Build.0 = Release|Any CPU
		{82D3A967-2E21-421C-A340-1A8A1CD683C9}.Release|Mixed Platforms.ActiveCfg = Release|Any CPU
		{82D3A967-2E21-421C-A340-1A8A1CD683C9}.Release|Mixed Platforms.Build.0 = Release|Any CPU
		{82D3A967-2E21-421C-A340-1A8A1CD683C9}.Release|x86.ActiveCfg = Release|Any CPU
		{09400EB8-573D-46A5-94E1-1E2F8CC52B0C}.Debug|Any CPU.ActiveCfg = Debug|Any CPU
		{09400EB8-573D-46A5-94E1-1E2F8CC52B0C}.Debug|Any CPU.Build.0 = Debug|Any CPU
		{09400EB8-573D-46A5-94E1-1E2F8CC52B0C}.Debug|Mixed Platforms.ActiveCfg = Debug|Any CPU
		{09400EB8-573D-46A5-94E1-1E2F8CC52B0C}.Debug|Mixed Platforms.Build.0 = Debug|Any CPU
		{09400EB8-573D-46A5-94E1-1E2F8CC52B0C}.Debug|x86.ActiveCfg = Debug|Any CPU
		{09400EB8-573D-46A5-94E1-1E2F8CC52B0C}.Release|Any CPU.ActiveCfg = Release|Any CPU
		{09400EB8-573D-46A5-94E1-1E2F8CC52B0C}.Release|Any CPU.Build.0 = Release|Any CPU
		{09400EB8-573D-46A5-94E1-1E2F8CC52B0C}.Release|Mixed Platforms.ActiveCfg = Release|Any CPU
		{09400EB8-573D-46A5-94E1-1E2F8CC52B0C}.Release|Mixed Platforms.Build.0 = Release|Any CPU
		{09400EB8-573D-46A5-94E1-1E2F8CC52B0C}.Release|x86.ActiveCfg = Release|Any CPU
		{AE6E76B2-4DFD-467B-B296-B388270ECB25}.Debug|Any CPU.ActiveCfg = Debug|Any CPU
		{AE6E76B2-4DFD-467B-B296-B388270ECB25}.Debug|Any CPU.Build.0 = Debug|Any CPU
		{AE6E76B2-4DFD-467B-B296-B388270ECB25}.Debug|Mixed Platforms.ActiveCfg = Debug|Any CPU
		{AE6E76B2-4DFD-467B-B296-B388270ECB25}.Debug|Mixed Platforms.Build.0 = Debug|Any CPU
		{AE6E76B2-4DFD-467B-B296-B388270ECB25}.Debug|x86.ActiveCfg = Debug|Any CPU
		{AE6E76B2-4DFD-467B-B296-B388270ECB25}.Release|Any CPU.ActiveCfg = Release|Any CPU
		{AE6E76B2-4DFD-467B-B296-B388270ECB25}.Release|Any CPU.Build.0 = Release|Any CPU
		{AE6E76B2-4DFD-467B-B296-B388270ECB25}.Release|Mixed Platforms.ActiveCfg = Release|Any CPU
		{AE6E76B2-4DFD-467B-B296-B388270ECB25}.Release|Mixed Platforms.Build.0 = Release|Any CPU
		{AE6E76B2-4DFD-467B-B296-B388270ECB25}.Release|x86.ActiveCfg = Release|Any CPU
		{09BA76EA-F5DE-4D74-ADCF-231B25DB7EC3}.Debug|Any CPU.ActiveCfg = Debug|x86
		{09BA76EA-F5DE-4D74-ADCF-231B25DB7EC3}.Debug|Mixed Platforms.ActiveCfg = Debug|x86
		{09BA76EA-F5DE-4D74-ADCF-231B25DB7EC3}.Debug|Mixed Platforms.Build.0 = Debug|x86
		{09BA76EA-F5DE-4D74-ADCF-231B25DB7EC3}.Debug|x86.ActiveCfg = Debug|x86
		{09BA76EA-F5DE-4D74-ADCF-231B25DB7EC3}.Debug|x86.Build.0 = Debug|x86
		{09BA76EA-F5DE-4D74-ADCF-231B25DB7EC3}.Release|Any CPU.ActiveCfg = Release|x86
		{09BA76EA-F5DE-4D74-ADCF-231B25DB7EC3}.Release|Mixed Platforms.ActiveCfg = Release|x86
		{09BA76EA-F5DE-4D74-ADCF-231B25DB7EC3}.Release|Mixed Platforms.Build.0 = Release|x86
		{09BA76EA-F5DE-4D74-ADCF-231B25DB7EC3}.Release|x86.ActiveCfg = Release|x86
		{09BA76EA-F5DE-4D74-ADCF-231B25DB7EC3}.Release|x86.Build.0 = Release|x86
		{FD0232B8-CBC3-4430-B047-7DB04419671C}.Debug|Any CPU.ActiveCfg = Debug|Any CPU
		{FD0232B8-CBC3-4430-B047-7DB04419671C}.Debug|Any CPU.Build.0 = Debug|Any CPU
		{FD0232B8-CBC3-4430-B047-7DB04419671C}.Debug|Mixed Platforms.ActiveCfg = Debug|Any CPU
		{FD0232B8-CBC3-4430-B047-7DB04419671C}.Debug|Mixed Platforms.Build.0 = Debug|Any CPU
		{FD0232B8-CBC3-4430-B047-7DB04419671C}.Debug|x86.ActiveCfg = Debug|Any CPU
		{FD0232B8-CBC3-4430-B047-7DB04419671C}.Release|Any CPU.ActiveCfg = Release|Any CPU
		{FD0232B8-CBC3-4430-B047-7DB04419671C}.Release|Any CPU.Build.0 = Release|Any CPU
		{FD0232B8-CBC3-4430-B047-7DB04419671C}.Release|Mixed Platforms.ActiveCfg = Release|Any CPU
		{FD0232B8-CBC3-4430-B047-7DB04419671C}.Release|Mixed Platforms.Build.0 = Release|Any CPU
		{FD0232B8-CBC3-4430-B047-7DB04419671C}.Release|x86.ActiveCfg = Release|Any CPU
		{A326A020-8334-4F28-A42E-738081314F2C}.Debug|Any CPU.ActiveCfg = Debug|Any CPU
		{A326A020-8334-4F28-A42E-738081314F2C}.Debug|Any CPU.Build.0 = Debug|Any CPU
		{A326A020-8334-4F28-A42E-738081314F2C}.Debug|Mixed Platforms.ActiveCfg = Debug|Any CPU
		{A326A020-8334-4F28-A42E-738081314F2C}.Debug|Mixed Platforms.Build.0 = Debug|Any CPU
		{A326A020-8334-4F28-A42E-738081314F2C}.Debug|x86.ActiveCfg = Debug|Any CPU
		{A326A020-8334-4F28-A42E-738081314F2C}.Release|Any CPU.ActiveCfg = Release|Any CPU
		{A326A020-8334-4F28-A42E-738081314F2C}.Release|Any CPU.Build.0 = Release|Any CPU
		{A326A020-8334-4F28-A42E-738081314F2C}.Release|Mixed Platforms.ActiveCfg = Release|Any CPU
		{A326A020-8334-4F28-A42E-738081314F2C}.Release|Mixed Platforms.Build.0 = Release|Any CPU
		{A326A020-8334-4F28-A42E-738081314F2C}.Release|x86.ActiveCfg = Release|Any CPU
		{B0940B52-5C33-4ABC-B01C-CC25E66BF9A3}.Debug|Any CPU.ActiveCfg = Debug|Any CPU
		{B0940B52-5C33-4ABC-B01C-CC25E66BF9A3}.Debug|Any CPU.Build.0 = Debug|Any CPU
		{B0940B52-5C33-4ABC-B01C-CC25E66BF9A3}.Debug|Mixed Platforms.ActiveCfg = Debug|Any CPU
		{B0940B52-5C33-4ABC-B01C-CC25E66BF9A3}.Debug|Mixed Platforms.Build.0 = Debug|Any CPU
		{B0940B52-5C33-4ABC-B01C-CC25E66BF9A3}.Debug|x86.ActiveCfg = Debug|Any CPU
		{B0940B52-5C33-4ABC-B01C-CC25E66BF9A3}.Release|Any CPU.ActiveCfg = Release|Any CPU
		{B0940B52-5C33-4ABC-B01C-CC25E66BF9A3}.Release|Any CPU.Build.0 = Release|Any CPU
		{B0940B52-5C33-4ABC-B01C-CC25E66BF9A3}.Release|Mixed Platforms.ActiveCfg = Release|Any CPU
		{B0940B52-5C33-4ABC-B01C-CC25E66BF9A3}.Release|Mixed Platforms.Build.0 = Release|Any CPU
		{B0940B52-5C33-4ABC-B01C-CC25E66BF9A3}.Release|x86.ActiveCfg = Release|Any CPU
		{5EA50D94-B520-41CA-AA72-7AC533DC9A6F}.Debug|Any CPU.ActiveCfg = Debug|Any CPU
		{5EA50D94-B520-41CA-AA72-7AC533DC9A6F}.Debug|Any CPU.Build.0 = Debug|Any CPU
		{5EA50D94-B520-41CA-AA72-7AC533DC9A6F}.Debug|Mixed Platforms.ActiveCfg = Debug|Any CPU
		{5EA50D94-B520-41CA-AA72-7AC533DC9A6F}.Debug|Mixed Platforms.Build.0 = Debug|Any CPU
		{5EA50D94-B520-41CA-AA72-7AC533DC9A6F}.Debug|x86.ActiveCfg = Debug|Any CPU
		{5EA50D94-B520-41CA-AA72-7AC533DC9A6F}.Release|Any CPU.ActiveCfg = Release|Any CPU
		{5EA50D94-B520-41CA-AA72-7AC533DC9A6F}.Release|Any CPU.Build.0 = Release|Any CPU
		{5EA50D94-B520-41CA-AA72-7AC533DC9A6F}.Release|Mixed Platforms.ActiveCfg = Release|Any CPU
		{5EA50D94-B520-41CA-AA72-7AC533DC9A6F}.Release|Mixed Platforms.Build.0 = Release|Any CPU
		{5EA50D94-B520-41CA-AA72-7AC533DC9A6F}.Release|x86.ActiveCfg = Release|Any CPU
		{6412E848-713F-4F3B-BB83-179D7BC6818F}.Debug|Any CPU.ActiveCfg = Debug|Any CPU
		{6412E848-713F-4F3B-BB83-179D7BC6818F}.Debug|Any CPU.Build.0 = Debug|Any CPU
		{6412E848-713F-4F3B-BB83-179D7BC6818F}.Debug|Mixed Platforms.ActiveCfg = Debug|Any CPU
		{6412E848-713F-4F3B-BB83-179D7BC6818F}.Debug|Mixed Platforms.Build.0 = Debug|Any CPU
		{6412E848-713F-4F3B-BB83-179D7BC6818F}.Debug|x86.ActiveCfg = Debug|Any CPU
		{6412E848-713F-4F3B-BB83-179D7BC6818F}.Release|Any CPU.ActiveCfg = Release|Any CPU
		{6412E848-713F-4F3B-BB83-179D7BC6818F}.Release|Any CPU.Build.0 = Release|Any CPU
		{6412E848-713F-4F3B-BB83-179D7BC6818F}.Release|Mixed Platforms.ActiveCfg = Release|Any CPU
		{6412E848-713F-4F3B-BB83-179D7BC6818F}.Release|Mixed Platforms.Build.0 = Release|Any CPU
		{6412E848-713F-4F3B-BB83-179D7BC6818F}.Release|x86.ActiveCfg = Release|Any CPU
		{AAE77B4D-5668-42DD-8128-5C64B2F0606B}.Debug|Any CPU.ActiveCfg = Debug|Any CPU
		{AAE77B4D-5668-42DD-8128-5C64B2F0606B}.Debug|Any CPU.Build.0 = Debug|Any CPU
		{AAE77B4D-5668-42DD-8128-5C64B2F0606B}.Debug|Mixed Platforms.ActiveCfg = Debug|Any CPU
		{AAE77B4D-5668-42DD-8128-5C64B2F0606B}.Debug|Mixed Platforms.Build.0 = Debug|Any CPU
		{AAE77B4D-5668-42DD-8128-5C64B2F0606B}.Debug|x86.ActiveCfg = Debug|Any CPU
		{AAE77B4D-5668-42DD-8128-5C64B2F0606B}.Release|Any CPU.ActiveCfg = Release|Any CPU
		{AAE77B4D-5668-42DD-8128-5C64B2F0606B}.Release|Any CPU.Build.0 = Release|Any CPU
		{AAE77B4D-5668-42DD-8128-5C64B2F0606B}.Release|Mixed Platforms.ActiveCfg = Release|Any CPU
		{AAE77B4D-5668-42DD-8128-5C64B2F0606B}.Release|Mixed Platforms.Build.0 = Release|Any CPU
		{AAE77B4D-5668-42DD-8128-5C64B2F0606B}.Release|x86.ActiveCfg = Release|Any CPU
		{1EF04A5F-468A-4F8E-A7CC-71FF887B8B8D}.Debug|Any CPU.ActiveCfg = Debug|Any CPU
		{1EF04A5F-468A-4F8E-A7CC-71FF887B8B8D}.Debug|Any CPU.Build.0 = Debug|Any CPU
		{1EF04A5F-468A-4F8E-A7CC-71FF887B8B8D}.Debug|Mixed Platforms.ActiveCfg = Debug|Any CPU
		{1EF04A5F-468A-4F8E-A7CC-71FF887B8B8D}.Debug|Mixed Platforms.Build.0 = Debug|Any CPU
		{1EF04A5F-468A-4F8E-A7CC-71FF887B8B8D}.Debug|x86.ActiveCfg = Debug|Any CPU
		{1EF04A5F-468A-4F8E-A7CC-71FF887B8B8D}.Release|Any CPU.ActiveCfg = Release|Any CPU
		{1EF04A5F-468A-4F8E-A7CC-71FF887B8B8D}.Release|Any CPU.Build.0 = Release|Any CPU
		{1EF04A5F-468A-4F8E-A7CC-71FF887B8B8D}.Release|Mixed Platforms.ActiveCfg = Release|Any CPU
		{1EF04A5F-468A-4F8E-A7CC-71FF887B8B8D}.Release|Mixed Platforms.Build.0 = Release|Any CPU
		{1EF04A5F-468A-4F8E-A7CC-71FF887B8B8D}.Release|x86.ActiveCfg = Release|Any CPU
		{E9D53C66-40D0-44F3-987F-38761FD6B9B4}.Debug|Any CPU.ActiveCfg = Debug|Any CPU
		{E9D53C66-40D0-44F3-987F-38761FD6B9B4}.Debug|Any CPU.Build.0 = Debug|Any CPU
		{E9D53C66-40D0-44F3-987F-38761FD6B9B4}.Debug|Mixed Platforms.ActiveCfg = Debug|Any CPU
		{E9D53C66-40D0-44F3-987F-38761FD6B9B4}.Debug|Mixed Platforms.Build.0 = Debug|Any CPU
		{E9D53C66-40D0-44F3-987F-38761FD6B9B4}.Debug|x86.ActiveCfg = Debug|Any CPU
		{E9D53C66-40D0-44F3-987F-38761FD6B9B4}.Release|Any CPU.ActiveCfg = Release|Any CPU
		{E9D53C66-40D0-44F3-987F-38761FD6B9B4}.Release|Any CPU.Build.0 = Release|Any CPU
		{E9D53C66-40D0-44F3-987F-38761FD6B9B4}.Release|Mixed Platforms.ActiveCfg = Release|Any CPU
		{E9D53C66-40D0-44F3-987F-38761FD6B9B4}.Release|Mixed Platforms.Build.0 = Release|Any CPU
		{E9D53C66-40D0-44F3-987F-38761FD6B9B4}.Release|x86.ActiveCfg = Release|Any CPU
		{269ADCF4-9A17-4107-83F9-51955CBD06EB}.Debug|Any CPU.ActiveCfg = Debug|Any CPU
		{269ADCF4-9A17-4107-83F9-51955CBD06EB}.Debug|Any CPU.Build.0 = Debug|Any CPU
		{269ADCF4-9A17-4107-83F9-51955CBD06EB}.Debug|Mixed Platforms.ActiveCfg = Debug|Any CPU
		{269ADCF4-9A17-4107-83F9-51955CBD06EB}.Debug|Mixed Platforms.Build.0 = Debug|Any CPU
		{269ADCF4-9A17-4107-83F9-51955CBD06EB}.Debug|x86.ActiveCfg = Debug|Any CPU
		{269ADCF4-9A17-4107-83F9-51955CBD06EB}.Release|Any CPU.ActiveCfg = Release|Any CPU
		{269ADCF4-9A17-4107-83F9-51955CBD06EB}.Release|Any CPU.Build.0 = Release|Any CPU
		{269ADCF4-9A17-4107-83F9-51955CBD06EB}.Release|Mixed Platforms.ActiveCfg = Release|Any CPU
		{269ADCF4-9A17-4107-83F9-51955CBD06EB}.Release|Mixed Platforms.Build.0 = Release|Any CPU
		{269ADCF4-9A17-4107-83F9-51955CBD06EB}.Release|x86.ActiveCfg = Release|Any CPU
		{96F223E6-F92E-4043-A17C-CDDA9749BBDE}.Debug|Any CPU.ActiveCfg = Debug|Any CPU
		{96F223E6-F92E-4043-A17C-CDDA9749BBDE}.Debug|Any CPU.Build.0 = Debug|Any CPU
		{96F223E6-F92E-4043-A17C-CDDA9749BBDE}.Debug|Mixed Platforms.ActiveCfg = Debug|Any CPU
		{96F223E6-F92E-4043-A17C-CDDA9749BBDE}.Debug|Mixed Platforms.Build.0 = Debug|Any CPU
		{96F223E6-F92E-4043-A17C-CDDA9749BBDE}.Debug|x86.ActiveCfg = Debug|Any CPU
		{96F223E6-F92E-4043-A17C-CDDA9749BBDE}.Release|Any CPU.ActiveCfg = Release|Any CPU
		{96F223E6-F92E-4043-A17C-CDDA9749BBDE}.Release|Any CPU.Build.0 = Release|Any CPU
		{96F223E6-F92E-4043-A17C-CDDA9749BBDE}.Release|Mixed Platforms.ActiveCfg = Release|Any CPU
		{96F223E6-F92E-4043-A17C-CDDA9749BBDE}.Release|Mixed Platforms.Build.0 = Release|Any CPU
		{96F223E6-F92E-4043-A17C-CDDA9749BBDE}.Release|x86.ActiveCfg = Release|Any CPU
	EndGlobalSection
	GlobalSection(SolutionProperties) = preSolution
		HideSolutionNode = FALSE
	EndGlobalSection
	GlobalSection(NestedProjects) = preSolution
		{302CA73F-4D47-4DEC-BE2C-803B210A8B46} = {102D2E98-A089-4D17-93D7-328A22EDDDA2}
		{09400EB8-573D-46A5-94E1-1E2F8CC52B0C} = {102D2E98-A089-4D17-93D7-328A22EDDDA2}
		{09BA76EA-F5DE-4D74-ADCF-231B25DB7EC3} = {102D2E98-A089-4D17-93D7-328A22EDDDA2}
		{A326A020-8334-4F28-A42E-738081314F2C} = {102D2E98-A089-4D17-93D7-328A22EDDDA2}
		{5EA50D94-B520-41CA-AA72-7AC533DC9A6F} = {102D2E98-A089-4D17-93D7-328A22EDDDA2}
		{6412E848-713F-4F3B-BB83-179D7BC6818F} = {102D2E98-A089-4D17-93D7-328A22EDDDA2}
		{269ADCF4-9A17-4107-83F9-51955CBD06EB} = {102D2E98-A089-4D17-93D7-328A22EDDDA2}
	EndGlobalSection
	GlobalSection(ExtensibilityGlobals) = postSolution
		EnterpriseLibraryConfigurationToolBinariesPath = packages\Unity.2.1.505.2\lib\NET35
	EndGlobalSection
	GlobalSection(Performance) = preSolution
		HasPerformanceSessions = true
	EndGlobalSection
	GlobalSection(TestCaseManagementSettings) = postSolution
		CategoryFile = Waffle.vsmdi
	EndGlobalSection
EndGlobal
